
Microsoft Visual Studio Solution File, Format Version 10.00
# Visual Studio 2008
Project("{8BC9CEB8-8B4A-11D0-8D11-00A0C91BC942}") = "3D Engine", "3D Engine.vcproj", "{FCBE773E-A71E-4C19-9237-AEC2E3EA8EA1}"
EndProject
Global
	GlobalSection(SolutionConfigurationPlatforms) = preSolution
		Debug|Win32 = Debug|Win32
		Release|Win32 = Release|Win32
	EndGlobalSection
	GlobalSection(ProjectConfigurationPlatforms) = postSolution
		{FCBE773E-A71E-4C19-9237-AEC2E3EA8EA1}.Debug|Win32.ActiveCfg = Debug|Win32
		{FCBE773E-A71E-4C19-9237-AEC2E3EA8EA1}.Debug|Win32.Build.0 = Debug|Win32
		{FCBE773E-A71E-4C19-9237-AEC2E3EA8EA1}.Release|Win32.ActiveCfg = Release|Win32
		{FCBE773E-A71E-4C19-9237-AEC2E3EA8EA1}.Release|Win32.Build.0 = Release|Win32
	EndGlobalSection
	GlobalSection(SolutionProperties) = preSolution
		HideSolutionNode = FALSE
	EndGlobalSection
EndGlobal
